
Microsoft Visual Studio Solution File, Format Version 12.00
# Visual Studio Version 17
VisualStudioVersion = 17.8.34330.188
MinimumVisualStudioVersion = 10.0.40219.1
Project("{9A19103F-16F7-4668-BE54-9A1E7A4F7556}") = "BreadLang", "BreadLang\BreadLang.csproj", "{5A6ED61E-4099-43EE-9C22-4743D32B0681}"
EndProject
Project("{FAE04EC0-301F-11D3-BF4B-00C04F79EFBC}") = "UnitTests", "UnitTests\UnitTests.csproj", "{70FAA721-205A-4E4A-8F14-67778CC34AE6}"
EndProject
Global
	GlobalSection(SolutionConfigurationPlatforms) = preSolution
		Debug|Any CPU = Debug|Any CPU
		Release|Any CPU = Release|Any CPU
	EndGlobalSection
	GlobalSection(ProjectConfigurationPlatforms) = postSolution
		{5A6ED61E-4099-43EE-9C22-4743D32B0681}.Debug|Any CPU.ActiveCfg = Debug|Any CPU
		{5A6ED61E-4099-43EE-9C22-4743D32B0681}.Debug|Any CPU.Build.0 = Debug|Any CPU
		{5A6ED61E-4099-43EE-9C22-4743D32B0681}.Release|Any CPU.ActiveCfg = Release|Any CPU
		{5A6ED61E-4099-43EE-9C22-4743D32B0681}.Release|Any CPU.Build.0 = Release|Any CPU
		{70FAA721-205A-4E4A-8F14-67778CC34AE6}.Debug|Any CPU.ActiveCfg = Debug|Any CPU
		{70FAA721-205A-4E4A-8F14-67778CC34AE6}.Debug|Any CPU.Build.0 = Debug|Any CPU
		{70FAA721-205A-4E4A-8F14-67778CC34AE6}.Release|Any CPU.ActiveCfg = Release|Any CPU
		{70FAA721-205A-4E4A-8F14-67778CC34AE6}.Release|Any CPU.Build.0 = Release|Any CPU
	EndGlobalSection
	GlobalSection(SolutionProperties) = preSolution
		HideSolutionNode = FALSE
	EndGlobalSection
	GlobalSection(ExtensibilityGlobals) = postSolution
		SolutionGuid = {21C877D8-F1BA-4D5A-A9DE-70E4F3E67F36}
	EndGlobalSection
EndGlobal
